
Microsoft Visual Studio Solution File, Format Version 12.00
# Visual Studio Version 17
VisualStudioVersion = 17.7.34302.85
MinimumVisualStudioVersion = 10.0.40219.1
Project("{FAE04EC0-301F-11D3-BF4B-00C04F79EFBC}") = "Deneme", "Deneme\Deneme.csproj", "{B30B9FD9-6A9C-4ACB-97C7-028E9DB16C3C}"
EndProject
Global
	GlobalSection(SolutionConfigurationPlatforms) = preSolution
		Debug|Any CPU = Debug|Any CPU
		Release|Any CPU = Release|Any CPU
	EndGlobalSection
	GlobalSection(ProjectConfigurationPlatforms) = postSolution
		{B30B9FD9-6A9C-4ACB-97C7-028E9DB16C3C}.Debug|Any CPU.ActiveCfg = Debug|Any CPU
		{B30B9FD9-6A9C-4ACB-97C7-028E9DB16C3C}.Debug|Any CPU.Build.0 = Debug|Any CPU
		{B30B9FD9-6A9C-4ACB-97C7-028E9DB16C3C}.Release|Any CPU.ActiveCfg = Release|Any CPU
		{B30B9FD9-6A9C-4ACB-97C7-028E9DB16C3C}.Release|Any CPU.Build.0 = Release|Any CPU
	EndGlobalSection
	GlobalSection(SolutionProperties) = preSolution
		HideSolutionNode = FALSE
	EndGlobalSection
	GlobalSection(ExtensibilityGlobals) = postSolution
		SolutionGuid = {727D24F1-F4EB-4F34-AD13-D914A2825F05}
	EndGlobalSection
EndGlobal
